
Microsoft Visual Studio Solution File, Format Version 12.00
# Visual Studio Version 17
VisualStudioVersion = 17.3.32819.101
MinimumVisualStudioVersion = 10.0.40219.1
Project("{9A19103F-16F7-4668-BE54-9A1E7A4F7556}") = "TrackerLibrary", "TrackerLibrary\TrackerLibrary.csproj", "{124A924C-1C0B-4F1F-B292-5163DEDEF80B}"
EndProject
Project("{FAE04EC0-301F-11D3-BF4B-00C04F79EFBC}") = "TrackerUI", "TrackerUI\TrackerUI.csproj", "{E11D3BD7-DC51-4898-9357-C6ECAAA1017E}"
EndProject
Global
	GlobalSection(SolutionConfigurationPlatforms) = preSolution
		Debug|Any CPU = Debug|Any CPU
		Release|Any CPU = Release|Any CPU
	EndGlobalSection
	GlobalSection(ProjectConfigurationPlatforms) = postSolution
		{124A924C-1C0B-4F1F-B292-5163DEDEF80B}.Debug|Any CPU.ActiveCfg = Debug|Any CPU
		{124A924C-1C0B-4F1F-B292-5163DEDEF80B}.Debug|Any CPU.Build.0 = Debug|Any CPU
		{124A924C-1C0B-4F1F-B292-5163DEDEF80B}.Release|Any CPU.ActiveCfg = Release|Any CPU
		{124A924C-1C0B-4F1F-B292-5163DEDEF80B}.Release|Any CPU.Build.0 = Release|Any CPU
		{E11D3BD7-DC51-4898-9357-C6ECAAA1017E}.Debug|Any CPU.ActiveCfg = Debug|Any CPU
		{E11D3BD7-DC51-4898-9357-C6ECAAA1017E}.Debug|Any CPU.Build.0 = Debug|Any CPU
		{E11D3BD7-DC51-4898-9357-C6ECAAA1017E}.Release|Any CPU.ActiveCfg = Release|Any CPU
		{E11D3BD7-DC51-4898-9357-C6ECAAA1017E}.Release|Any CPU.Build.0 = Release|Any CPU
	EndGlobalSection
	GlobalSection(SolutionProperties) = preSolution
		HideSolutionNode = FALSE
	EndGlobalSection
	GlobalSection(ExtensibilityGlobals) = postSolution
		SolutionGuid = {F04EA507-6BB8-4BE1-BF75-C43375F1131C}
	EndGlobalSection
EndGlobal
